
Microsoft Visual Studio Solution File, Format Version 12.00
# Visual Studio 15
VisualStudioVersion = 15.0.26730.15
MinimumVisualStudioVersion = 10.0.40219.1
Project("{FAE04EC0-301F-11D3-BF4B-00C04F79EFBC}") = "NetworkResourceMonitor.BusinessLogic", "NetworkResourceMonitor.Configuration\NetworkResourceMonitor.BusinessLogic.csproj", "{D134AE7C-7B1B-433D-A740-22A9FF7C2B3C}"
EndProject
Project("{FAE04EC0-301F-11D3-BF4B-00C04F79EFBC}") = "NetworkResourceMonitor.DataAccess", "NetworkResourceMonitor.DataAccess\NetworkResourceMonitor.DataAccess.csproj", "{67724DFB-554B-4A73-B278-EB799E13A426}"
EndProject
Project("{FAE04EC0-301F-11D3-BF4B-00C04F79EFBC}") = "NetworkResourceMonitor.GUI", "NetworkResourceMonitor.GUI\NetworkResourceMonitor.GUI.csproj", "{AEF3FEEA-C42D-4A3C-AE6B-FC78734F7CD4}"
EndProject
Project("{FAE04EC0-301F-11D3-BF4B-00C04F79EFBC}") = "NetworkResourceMonitor.WebApplication", "NetworkResourceMonitor.WebApplication\NetworkResourceMonitor.WebApplication.csproj", "{3907E643-119D-4FBE-A81C-CF2F598DCD9D}"
EndProject
Global
	GlobalSection(SolutionConfigurationPlatforms) = preSolution
		Debug|Any CPU = Debug|Any CPU
		Dev|Any CPU = Dev|Any CPU
		PRD|Any CPU = PRD|Any CPU
		QC|Any CPU = QC|Any CPU
		Release|Any CPU = Release|Any CPU
	EndGlobalSection
	GlobalSection(ProjectConfigurationPlatforms) = postSolution
		{D134AE7C-7B1B-433D-A740-22A9FF7C2B3C}.Debug|Any CPU.ActiveCfg = Debug|Any CPU
		{D134AE7C-7B1B-433D-A740-22A9FF7C2B3C}.Debug|Any CPU.Build.0 = Debug|Any CPU
		{D134AE7C-7B1B-433D-A740-22A9FF7C2B3C}.Dev|Any CPU.ActiveCfg = Dev|Any CPU
		{D134AE7C-7B1B-433D-A740-22A9FF7C2B3C}.Dev|Any CPU.Build.0 = Dev|Any CPU
		{D134AE7C-7B1B-433D-A740-22A9FF7C2B3C}.PRD|Any CPU.ActiveCfg = PRD|Any CPU
		{D134AE7C-7B1B-433D-A740-22A9FF7C2B3C}.PRD|Any CPU.Build.0 = PRD|Any CPU
		{D134AE7C-7B1B-433D-A740-22A9FF7C2B3C}.QC|Any CPU.ActiveCfg = QC|Any CPU
		{D134AE7C-7B1B-433D-A740-22A9FF7C2B3C}.QC|Any CPU.Build.0 = QC|Any CPU
		{D134AE7C-7B1B-433D-A740-22A9FF7C2B3C}.Release|Any CPU.ActiveCfg = Release|Any CPU
		{D134AE7C-7B1B-433D-A740-22A9FF7C2B3C}.Release|Any CPU.Build.0 = Release|Any CPU
		{67724DFB-554B-4A73-B278-EB799E13A426}.Debug|Any CPU.ActiveCfg = Debug|Any CPU
		{67724DFB-554B-4A73-B278-EB799E13A426}.Debug|Any CPU.Build.0 = Debug|Any CPU
		{67724DFB-554B-4A73-B278-EB799E13A426}.Dev|Any CPU.ActiveCfg = Dev|Any CPU
		{67724DFB-554B-4A73-B278-EB799E13A426}.Dev|Any CPU.Build.0 = Dev|Any CPU
		{67724DFB-554B-4A73-B278-EB799E13A426}.PRD|Any CPU.ActiveCfg = PRD|Any CPU
		{67724DFB-554B-4A73-B278-EB799E13A426}.PRD|Any CPU.Build.0 = PRD|Any CPU
		{67724DFB-554B-4A73-B278-EB799E13A426}.QC|Any CPU.ActiveCfg = QC|Any CPU
		{67724DFB-554B-4A73-B278-EB799E13A426}.QC|Any CPU.Build.0 = QC|Any CPU
		{67724DFB-554B-4A73-B278-EB799E13A426}.Release|Any CPU.ActiveCfg = Release|Any CPU
		{67724DFB-554B-4A73-B278-EB799E13A426}.Release|Any CPU.Build.0 = Release|Any CPU
		{AEF3FEEA-C42D-4A3C-AE6B-FC78734F7CD4}.Debug|Any CPU.ActiveCfg = Debug|Any CPU
		{AEF3FEEA-C42D-4A3C-AE6B-FC78734F7CD4}.Debug|Any CPU.Build.0 = Debug|Any CPU
		{AEF3FEEA-C42D-4A3C-AE6B-FC78734F7CD4}.Dev|Any CPU.ActiveCfg = Dev|Any CPU
		{AEF3FEEA-C42D-4A3C-AE6B-FC78734F7CD4}.Dev|Any CPU.Build.0 = Dev|Any CPU
		{AEF3FEEA-C42D-4A3C-AE6B-FC78734F7CD4}.PRD|Any CPU.ActiveCfg = PRD|Any CPU
		{AEF3FEEA-C42D-4A3C-AE6B-FC78734F7CD4}.PRD|Any CPU.Build.0 = PRD|Any CPU
		{AEF3FEEA-C42D-4A3C-AE6B-FC78734F7CD4}.QC|Any CPU.ActiveCfg = QC|Any CPU
		{AEF3FEEA-C42D-4A3C-AE6B-FC78734F7CD4}.QC|Any CPU.Build.0 = QC|Any CPU
		{AEF3FEEA-C42D-4A3C-AE6B-FC78734F7CD4}.Release|Any CPU.ActiveCfg = Release|Any CPU
		{AEF3FEEA-C42D-4A3C-AE6B-FC78734F7CD4}.Release|Any CPU.Build.0 = Release|Any CPU
		{3907E643-119D-4FBE-A81C-CF2F598DCD9D}.Debug|Any CPU.ActiveCfg = Debug|Any CPU
		{3907E643-119D-4FBE-A81C-CF2F598DCD9D}.Debug|Any CPU.Build.0 = Debug|Any CPU
		{3907E643-119D-4FBE-A81C-CF2F598DCD9D}.Dev|Any CPU.ActiveCfg = Debug|Any CPU
		{3907E643-119D-4FBE-A81C-CF2F598DCD9D}.Dev|Any CPU.Build.0 = Debug|Any CPU
		{3907E643-119D-4FBE-A81C-CF2F598DCD9D}.PRD|Any CPU.ActiveCfg = Release|Any CPU
		{3907E643-119D-4FBE-A81C-CF2F598DCD9D}.PRD|Any CPU.Build.0 = Release|Any CPU
		{3907E643-119D-4FBE-A81C-CF2F598DCD9D}.QC|Any CPU.ActiveCfg = Release|Any CPU
		{3907E643-119D-4FBE-A81C-CF2F598DCD9D}.QC|Any CPU.Build.0 = Release|Any CPU
		{3907E643-119D-4FBE-A81C-CF2F598DCD9D}.Release|Any CPU.ActiveCfg = Release|Any CPU
		{3907E643-119D-4FBE-A81C-CF2F598DCD9D}.Release|Any CPU.Build.0 = Release|Any CPU
	EndGlobalSection
	GlobalSection(SolutionProperties) = preSolution
		HideSolutionNode = FALSE
	EndGlobalSection
	GlobalSection(ExtensibilityGlobals) = postSolution
		SolutionGuid = {02DD77DF-24FA-45CA-A090-18AEA0A7E7C5}
	EndGlobalSection
EndGlobal
